
Microsoft Visual Studio Solution File, Format Version 12.00
# Visual Studio Version 17
VisualStudioVersion = 17.3.32922.545
MinimumVisualStudioVersion = 10.0.40219.1
Project("{FAE04EC0-301F-11D3-BF4B-00C04F79EFBC}") = "TheLinkedList", "TheLinkedList\TheLinkedList.csproj", "{7F8E63B6-6485-4E46-88D4-C5EA501AFFE1}"
EndProject
Project("{FAE04EC0-301F-11D3-BF4B-00C04F79EFBC}") = "libLinkedList", "libLinkedList\libLinkedList.csproj", "{EBA228D1-1D85-407D-BC36-5210A4EA0D65}"
EndProject
Project("{2150E333-8FDC-42A3-9474-1A3956D46DE8}") = "Projektmappenelemente", "Projektmappenelemente", "{CA0EA2AE-21E2-45DD-8D42-13B1F1CB1730}"
EndProject
Project("{2150E333-8FDC-42A3-9474-1A3956D46DE8}") = "Solution Items", "Solution Items", "{2AC1EEA3-7074-4DED-B38A-767325A3729C}"
	ProjectSection(SolutionItems) = preProject
		.editorconfig = .editorconfig
	EndProjectSection
EndProject
Global
	GlobalSection(SolutionConfigurationPlatforms) = preSolution
		Debug|Any CPU = Debug|Any CPU
		Release|Any CPU = Release|Any CPU
	EndGlobalSection
	GlobalSection(ProjectConfigurationPlatforms) = postSolution
		{7F8E63B6-6485-4E46-88D4-C5EA501AFFE1}.Debug|Any CPU.ActiveCfg = Debug|Any CPU
		{7F8E63B6-6485-4E46-88D4-C5EA501AFFE1}.Debug|Any CPU.Build.0 = Debug|Any CPU
		{7F8E63B6-6485-4E46-88D4-C5EA501AFFE1}.Release|Any CPU.ActiveCfg = Release|Any CPU
		{7F8E63B6-6485-4E46-88D4-C5EA501AFFE1}.Release|Any CPU.Build.0 = Release|Any CPU
		{EBA228D1-1D85-407D-BC36-5210A4EA0D65}.Debug|Any CPU.ActiveCfg = Debug|Any CPU
		{EBA228D1-1D85-407D-BC36-5210A4EA0D65}.Debug|Any CPU.Build.0 = Debug|Any CPU
		{EBA228D1-1D85-407D-BC36-5210A4EA0D65}.Release|Any CPU.ActiveCfg = Release|Any CPU
		{EBA228D1-1D85-407D-BC36-5210A4EA0D65}.Release|Any CPU.Build.0 = Release|Any CPU
	EndGlobalSection
	GlobalSection(SolutionProperties) = preSolution
		HideSolutionNode = FALSE
	EndGlobalSection
	GlobalSection(ExtensibilityGlobals) = postSolution
		SolutionGuid = {565DB680-03E7-4AD4-9516-8F6C9129EC9A}
	EndGlobalSection
EndGlobal
